// !$*UTF8*$!
{
	archiveVersion = 1;
	classes = {
	};
	objectVersion = 48;
	objects = {

/* Begin PBXBuildFile section */
		8E0FE3D820219457009C2061 /* WeakScriptMessageHandler.m in Sources */ = {isa = PBXBuildFile; fileRef = 8E0FE3D720219457009C2061 /* WeakScriptMessageHandler.m */; };
		8E3FD1452020113000C539AC /* AppDelegate.m in Sources */ = {isa = PBXBuildFile; fileRef = 8E3FD1442020113000C539AC /* AppDelegate.m */; };
		8E3FD14D2020113000C539AC /* Assets.xcassets in Resources */ = {isa = PBXBuildFile; fileRef = 8E3FD14C2020113000C539AC /* Assets.xcassets */; };
		8E3FD1502020113000C539AC /* LaunchScreen.storyboard in Resources */ = {isa = PBXBuildFile; fileRef = 8E3FD14E2020113000C539AC /* LaunchScreen.storyboard */; };
		8E3FD1532020113000C539AC /* main.m in Sources */ = {isa = PBXBuildFile; fileRef = 8E3FD1522020113000C539AC /* main.m */; };
		8E3FD18B20201B5F00C539AC /* LeftSortsViewController.m in Sources */ = {isa = PBXBuildFile; fileRef = 8E3FD18920201B5F00C539AC /* LeftSortsViewController.m */; };
		8E3FD18E20201C3400C539AC /* UIView_extra.m in Sources */ = {isa = PBXBuildFile; fileRef = 8E3FD18D20201C3400C539AC /* UIView_extra.m */; };
		8E3FD19120201EAB00C539AC /* otherViewController.m in Sources */ = {isa = PBXBuildFile; fileRef = 8E3FD19020201EAB00C539AC /* otherViewController.m */; };
		8E3FD195202020F400C539AC /* MainViewController.m in Sources */ = {isa = PBXBuildFile; fileRef = 8E3FD194202020F400C539AC /* MainViewController.m */; };
		8E3FD197202024E200C539AC /* LeftSlideViewController.m in Sources */ = {isa = PBXBuildFile; fileRef = 8E3FD196202024E200C539AC /* LeftSlideViewController.m */; };
/* End PBXBuildFile section */

/* Begin PBXFileReference section */
		8E0FE3D620219457009C2061 /* WeakScriptMessageHandler.h */ = {isa = PBXFileReference; lastKnownFileType = sourcecode.c.h; path = WeakScriptMessageHandler.h; sourceTree = "<group>"; };
		8E0FE3D720219457009C2061 /* WeakScriptMessageHandler.m */ = {isa = PBXFileReference; lastKnownFileType = sourcecode.c.objc; path = WeakScriptMessageHandler.m; sourceTree = "<group>"; };
		8E3FD1402020113000C539AC /* TaxiShare.app */ = {isa = PBXFileReference; explicitFileType = wrapper.application; includeInIndex = 0; path = TaxiShare.app; sourceTree = BUILT_PRODUCTS_DIR; };
		8E3FD1432020113000C539AC /* AppDelegate.h */ = {isa = PBXFileReference; lastKnownFileType = sourcecode.c.h; path = AppDelegate.h; sourceTree = "<group>"; };
		8E3FD1442020113000C539AC /* AppDelegate.m */ = {isa = PBXFileReference; lastKnownFileType = sourcecode.c.objc; path = AppDelegate.m; sourceTree = "<group>"; };
		8E3FD14C2020113000C539AC /* Assets.xcassets */ = {isa = PBXFileReference; lastKnownFileType = folder.assetcatalog; path = Assets.xcassets; sourceTree = "<group>"; };
		8E3FD14F2020113000C539AC /* Base */ = {isa = PBXFileReference; lastKnownFileType = file.storyboard; name = Base; path = Base.lproj/LaunchScreen.storyboard; sourceTree = "<group>"; };
		8E3FD1512020113000C539AC /* Info.plist */ = {isa = PBXFileReference; lastKnownFileType = text.plist.xml; path = Info.plist; sourceTree = "<group>"; };
		8E3FD1522020113000C539AC /* main.m */ = {isa = PBXFileReference; lastKnownFileType = sourcecode.c.objc; path = main.m; sourceTree = "<group>"; };
		8E3FD18620201B5F00C539AC /* LeftSlideViewController.h */ = {isa = PBXFileReference; fileEncoding = 4; lastKnownFileType = sourcecode.c.h; path = LeftSlideViewController.h; sourceTree = "<group>"; };
		8E3FD18820201B5F00C539AC /* LeftSortsViewController.h */ = {isa = PBXFileReference; fileEncoding = 4; lastKnownFileType = sourcecode.c.h; path = LeftSortsViewController.h; sourceTree = "<group>"; };
		8E3FD18920201B5F00C539AC /* LeftSortsViewController.m */ = {isa = PBXFileReference; fileEncoding = 4; lastKnownFileType = sourcecode.c.objc; path = LeftSortsViewController.m; sourceTree = "<group>"; };
		8E3FD18C20201C3400C539AC /* UIView_extra.h */ = {isa = PBXFileReference; fileEncoding = 4; lastKnownFileType = sourcecode.c.h; path = UIView_extra.h; sourceTree = "<group>"; };
		8E3FD18D20201C3400C539AC /* UIView_extra.m */ = {isa = PBXFileReference; fileEncoding = 4; lastKnownFileType = sourcecode.c.objc; path = UIView_extra.m; sourceTree = "<group>"; };
		8E3FD18F20201EAB00C539AC /* otherViewController.h */ = {isa = PBXFileReference; fileEncoding = 4; lastKnownFileType = sourcecode.c.h; path = otherViewController.h; sourceTree = "<group>"; };
		8E3FD19020201EAB00C539AC /* otherViewController.m */ = {isa = PBXFileReference; fileEncoding = 4; lastKnownFileType = sourcecode.c.objc; path = otherViewController.m; sourceTree = "<group>"; };
		8E3FD193202020F400C539AC /* MainViewController.h */ = {isa = PBXFileReference; lastKnownFileType = sourcecode.c.h; path = MainViewController.h; sourceTree = "<group>"; };
		8E3FD194202020F400C539AC /* MainViewController.m */ = {isa = PBXFileReference; lastKnownFileType = sourcecode.c.objc; path = MainViewController.m; sourceTree = "<group>"; };
		8E3FD196202024E200C539AC /* LeftSlideViewController.m */ = {isa = PBXFileReference; fileEncoding = 4; lastKnownFileType = sourcecode.c.objc; path = LeftSlideViewController.m; sourceTree = "<group>"; };
/* End PBXFileReference section */

/* Begin PBXFrameworksBuildPhase section */
		8E3FD13D2020113000C539AC /* Frameworks */ = {
			isa = PBXFrameworksBuildPhase;
			buildActionMask = 2147483647;
			files = (
			);
			runOnlyForDeploymentPostprocessing = 0;
		};
/* End PBXFrameworksBuildPhase section */

/* Begin PBXGroup section */
		8E3FD1372020112E00C539AC = {
			isa = PBXGroup;
			children = (
				8E3FD1422020113000C539AC /* TaxiShare */,
				8E3FD1412020113000C539AC /* Products */,
			);
			sourceTree = "<group>";
		};
		8E3FD1412020113000C539AC /* Products */ = {
			isa = PBXGroup;
			children = (
				8E3FD1402020113000C539AC /* TaxiShare.app */,
			);
			name = Products;
			sourceTree = "<group>";
		};
		8E3FD1422020113000C539AC /* TaxiShare */ = {
			isa = PBXGroup;
			children = (
				8E3FD159202012EF00C539AC /* ViewController */,
				8E3FD1432020113000C539AC /* AppDelegate.h */,
				8E3FD1442020113000C539AC /* AppDelegate.m */,
				8E3FD14C2020113000C539AC /* Assets.xcassets */,
				8E3FD14E2020113000C539AC /* LaunchScreen.storyboard */,
				8E3FD1512020113000C539AC /* Info.plist */,
				8E3FD1522020113000C539AC /* main.m */,
			);
			path = TaxiShare;
			sourceTree = "<group>";
		};
		8E3FD159202012EF00C539AC /* ViewController */ = {
			isa = PBXGroup;
			children = (
				8E3FD1922020209200C539AC /* mainView */,
				8E3FD18F20201EAB00C539AC /* otherViewController.h */,
				8E3FD19020201EAB00C539AC /* otherViewController.m */,
				8E3FD18520201B5F00C539AC /* LeftViewcontroller */,
			);
			path = ViewController;
			sourceTree = "<group>";
		};
		8E3FD18520201B5F00C539AC /* LeftViewcontroller */ = {
			isa = PBXGroup;
			children = (
				8E3FD18620201B5F00C539AC /* LeftSlideViewController.h */,
				8E3FD196202024E200C539AC /* LeftSlideViewController.m */,
				8E3FD18820201B5F00C539AC /* LeftSortsViewController.h */,
				8E3FD18920201B5F00C539AC /* LeftSortsViewController.m */,
				8E3FD18C20201C3400C539AC /* UIView_extra.h */,
				8E3FD18D20201C3400C539AC /* UIView_extra.m */,
			);
			path = LeftViewcontroller;
			sourceTree = "<group>";
		};
		8E3FD1922020209200C539AC /* mainView */ = {
			isa = PBXGroup;
			children = (
				8E3FD193202020F400C539AC /* MainViewController.h */,
				8E3FD194202020F400C539AC /* MainViewController.m */,
				8E0FE3D620219457009C2061 /* WeakScriptMessageHandler.h */,
				8E0FE3D720219457009C2061 /* WeakScriptMessageHandler.m */,
			);
			path = mainView;
			sourceTree = "<group>";
		};
/* End PBXGroup section */

/* Begin PBXNativeTarget section */
		8E3FD13F2020113000C539AC /* TaxiShare */ = {
			isa = PBXNativeTarget;
			buildConfigurationList = 8E3FD1562020113000C539AC /* Build configuration list for PBXNativeTarget "TaxiShare" */;
			buildPhases = (
				8E3FD13C2020113000C539AC /* Sources */,
				8E3FD13D2020113000C539AC /* Frameworks */,
				8E3FD13E2020113000C539AC /* Resources */,
			);
			buildRules = (
			);
			dependencies = (
			);
			name = TaxiShare;
			productName = TaxiShare;
			productReference = 8E3FD1402020113000C539AC /* TaxiShare.app */;
			productType = "com.apple.product-type.application";
		};
/* End PBXNativeTarget section */

/* Begin PBXProject section */
		8E3FD1382020112E00C539AC /* Project object */ = {
			isa = PBXProject;
			attributes = {
				LastUpgradeCheck = 0920;
				ORGANIZATIONNAME = "上海毕咨信息技术有限公司";
				TargetAttributes = {
					8E3FD13F2020113000C539AC = {
						CreatedOnToolsVersion = 9.2;
						ProvisioningStyle = Automatic;
					};
				};
			};
			buildConfigurationList = 8E3FD13B2020112F00C539AC /* Build configuration list for PBXProject "TaxiShare" */;
			compatibilityVersion = "Xcode 8.0";
			developmentRegion = en;
			hasScannedForEncodings = 0;
			knownRegions = (
				en,
				Base,
			);
			mainGroup = 8E3FD1372020112E00C539AC;
			productRefGroup = 8E3FD1412020113000C539AC /* Products */;
			projectDirPath = "";
			projectRoot = "";
			targets = (
				8E3FD13F2020113000C539AC /* TaxiShare */,
			);
		};
/* End PBXProject section */

/* Begin PBXResourcesBuildPhase section */
		8E3FD13E2020113000C539AC /* Resources */ = {
			isa = PBXResourcesBuildPhase;
			buildActionMask = 2147483647;
			files = (
				8E3FD1502020113000C539AC /* LaunchScreen.storyboard in Resources */,
				8E3FD14D2020113000C539AC /* Assets.xcassets in Resources */,
			);
			runOnlyForDeploymentPostprocessing = 0;
		};
/* End PBXResourcesBuildPhase section */

/* Begin PBXSourcesBuildPhase section */
		8E3FD13C2020113000C539AC /* Sources */ = {
			isa = PBXSourcesBuildPhase;
			buildActionMask = 2147483647;
			files = (
				8E3FD18B20201B5F00C539AC /* LeftSortsViewController.m in Sources */,
				8E3FD197202024E200C539AC /* LeftSlideViewController.m in Sources */,
				8E3FD1532020113000C539AC /* main.m in Sources */,
				8E3FD18E20201C3400C539AC /* UIView_extra.m in Sources */,
				8E3FD1452020113000C539AC /* AppDelegate.m in Sources */,
				8E0FE3D820219457009C2061 /* WeakScriptMessageHandler.m in Sources */,
				8E3FD195202020F400C539AC /* MainViewController.m in Sources */,
				8E3FD19120201EAB00C539AC /* otherViewController.m in Sources */,
			);
			runOnlyForDeploymentPostprocessing = 0;
		};
/* End PBXSourcesBuildPhase section */

/* Begin PBXVariantGroup section */
		8E3FD14E2020113000C539AC /* LaunchScreen.storyboard */ = {
			isa = PBXVariantGroup;
			children = (
				8E3FD14F2020113000C539AC /* Base */,
			);
			name = LaunchScreen.storyboard;
			sourceTree = "<group>";
		};
/* End PBXVariantGroup section */

/* Begin XCBuildConfiguration section */
		8E3FD1542020113000C539AC /* Debug */ = {
			isa = XCBuildConfiguration;
			buildSettings = {
				ALWAYS_SEARCH_USER_PATHS = NO;
				CLANG_ANALYZER_NONNULL = YES;
				CLANG_ANALYZER_NUMBER_OBJECT_CONVERSION = YES_AGGRESSIVE;
				CLANG_CXX_LANGUAGE_STANDARD = "gnu++14";
				CLANG_CXX_LIBRARY = "libc++";
				CLANG_ENABLE_MODULES = YES;
				CLANG_ENABLE_OBJC_ARC = YES;
				CLANG_WARN_BLOCK_CAPTURE_AUTORELEASING = YES;
				CLANG_WARN_BOOL_CONVERSION = YES;
				CLANG_WARN_COMMA = YES;
				CLANG_WARN_CONSTANT_CONVERSION = YES;
				CLANG_WARN_DIRECT_OBJC_ISA_USAGE = YES_ERROR;
				CLANG_WARN_DOCUMENTATION_COMMENTS = YES;
				CLANG_WARN_EMPTY_BODY = YES;
				CLANG_WARN_ENUM_CONVERSION = YES;
				CLANG_WARN_INFINITE_RECURSION = YES;
				CLANG_WARN_INT_CONVERSION = YES;
				CLANG_WARN_NON_LITERAL_NULL_CONVERSION = YES;
				CLANG_WARN_OBJC_LITERAL_CONVERSION = YES;
				CLANG_WARN_OBJC_ROOT_CLASS = YES_ERROR;
				CLANG_WARN_RANGE_LOOP_ANALYSIS = YES;
				CLANG_WARN_STRICT_PROTOTYPES = YES;
				CLANG_WARN_SUSPICIOUS_MOVE = YES;
				CLANG_WARN_UNGUARDED_AVAILABILITY = YES_AGGRESSIVE;
				CLANG_WARN_UNREACHABLE_CODE = YES;
				CLANG_WARN__DUPLICATE_METHOD_MATCH = YES;
				CODE_SIGN_IDENTITY = "iPhone Developer";
				COPY_PHASE_STRIP = NO;
				DEBUG_INFORMATION_FORMAT = dwarf;
				ENABLE_STRICT_OBJC_MSGSEND = YES;
				ENABLE_TESTABILITY = YES;
				GCC_C_LANGUAGE_STANDARD = gnu11;
				GCC_DYNAMIC_NO_PIC = NO;
				GCC_NO_COMMON_BLOCKS = YES;
				GCC_OPTIMIZATION_LEVEL = 0;
				GCC_PREPROCESSOR_DEFINITIONS = (
					"DEBUG=1",
					"$(inherited)",
				);
				GCC_WARN_64_TO_32_BIT_CONVERSION = YES;
				GCC_WARN_ABOUT_RETURN_TYPE = YES_ERROR;
				GCC_WARN_UNDECLARED_SELECTOR = YES;
				GCC_WARN_UNINITIALIZED_AUTOS = YES_AGGRESSIVE;
				GCC_WARN_UNUSED_FUNCTION = YES;
				GCC_WARN_UNUSED_VARIABLE = YES;
				IPHONEOS_DEPLOYMENT_TARGET = 11.2;
				MTL_ENABLE_DEBUG_INFO = YES;
				ONLY_ACTIVE_ARCH = YES;
				SDKROOT = iphoneos;
			};
			name = Debug;
		};
		8E3FD1552020113000C539AC /* Release */ = {
			isa = XCBuildConfiguration;
			buildSettings = {
				ALWAYS_SEARCH_USER_PATHS = NO;
				CLANG_ANALYZER_NONNULL = YES;
				CLANG_ANALYZER_NUMBER_OBJECT_CONVERSION = YES_AGGRESSIVE;
				CLANG_CXX_LANGUAGE_STANDARD = "gnu++14";
				CLANG_CXX_LIBRARY = "libc++";
				CLANG_ENABLE_MODULES = YES;
				CLANG_ENABLE_OBJC_ARC = YES;
				CLANG_WARN_BLOCK_CAPTURE_AUTORELEASING = YES;
				CLANG_WARN_BOOL_CONVERSION = YES;
				CLANG_WARN_COMMA = YES;
				CLANG_WARN_CONSTANT_CONVERSION = YES;
				CLANG_WARN_DIRECT_OBJC_ISA_USAGE = YES_ERROR;
				CLANG_WARN_DOCUMENTATION_COMMENTS = YES;
				CLANG_WARN_EMPTY_BODY = YES;
				CLANG_WARN_ENUM_CONVERSION = YES;
				CLANG_WARN_INFINITE_RECURSION = YES;
				CLANG_WARN_INT_CONVERSION = YES;
				CLANG_WARN_NON_LITERAL_NULL_CONVERSION = YES;
				CLANG_WARN_OBJC_LITERAL_CONVERSION = YES;
				CLANG_WARN_OBJC_ROOT_CLASS = YES_ERROR;
				CLANG_WARN_RANGE_LOOP_ANALYSIS = YES;
				CLANG_WARN_STRICT_PROTOTYPES = YES;
				CLANG_WARN_SUSPICIOUS_MOVE = YES;
				CLANG_WARN_UNGUARDED_AVAILABILITY = YES_AGGRESSIVE;
				CLANG_WARN_UNREACHABLE_CODE = YES;
				CLANG_WARN__DUPLICATE_METHOD_MATCH = YES;
				CODE_SIGN_IDENTITY = "iPhone Developer";
				COPY_PHASE_STRIP = NO;
				DEBUG_INFORMATION_FORMAT = "dwarf-with-dsym";
				ENABLE_NS_ASSERTIONS = NO;
				ENABLE_STRICT_OBJC_MSGSEND = YES;
				GCC_C_LANGUAGE_STANDARD = gnu11;
				GCC_NO_COMMON_BLOCKS = YES;
				GCC_WARN_64_TO_32_BIT_CONVERSION = YES;
				GCC_WARN_ABOUT_RETURN_TYPE = YES_ERROR;
				GCC_WARN_UNDECLARED_SELECTOR = YES;
				GCC_WARN_UNINITIALIZED_AUTOS = YES_AGGRESSIVE;
				GCC_WARN_UNUSED_FUNCTION = YES;
				GCC_WARN_UNUSED_VARIABLE = YES;
				IPHONEOS_DEPLOYMENT_TARGET = 11.2;
				MTL_ENABLE_DEBUG_INFO = NO;
				SDKROOT = iphoneos;
				VALIDATE_PRODUCT = YES;
			};
			name = Release;
		};
		8E3FD1572020113000C539AC /* Debug */ = {
			isa = XCBuildConfiguration;
			buildSettings = {
				ASSETCATALOG_COMPILER_APPICON_NAME = AppIcon;
				CODE_SIGN_STYLE = Automatic;
				DEVELOPMENT_TEAM = "";
				INFOPLIST_FILE = TaxiShare/Info.plist;
				LD_RUNPATH_SEARCH_PATHS = "$(inherited) @executable_path/Frameworks";
				PRODUCT_BUNDLE_IDENTIFIER = com.ucast.TaxiShare;
				PRODUCT_NAME = "$(TARGET_NAME)";
				TARGETED_DEVICE_FAMILY = 1;
			};
			name = Debug;
		};
		8E3FD1582020113000C539AC /* Release */ = {
			isa = XCBuildConfiguration;
			buildSettings = {
				ASSETCATALOG_COMPILER_APPICON_NAME = AppIcon;
				CODE_SIGN_STYLE = Automatic;
				DEVELOPMENT_TEAM = "";
				INFOPLIST_FILE = TaxiShare/Info.plist;
				LD_RUNPATH_SEARCH_PATHS = "$(inherited) @executable_path/Frameworks";
				PRODUCT_BUNDLE_IDENTIFIER = com.ucast.TaxiShare;
				PRODUCT_NAME = "$(TARGET_NAME)";
				TARGETED_DEVICE_FAMILY = 1;
			};
			name = Release;
		};
/* End XCBuildConfiguration section */

/* Begin XCConfigurationList section */
		8E3FD13B2020112F00C539AC /* Build configuration list for PBXProject "TaxiShare" */ = {
			isa = XCConfigurationList;
			buildConfigurations = (
				8E3FD1542020113000C539AC /* Debug */,
				8E3FD1552020113000C539AC /* Release */,
			);
			defaultConfigurationIsVisible = 0;
			defaultConfigurationName = Release;
		};
		8E3FD1562020113000C539AC /* Build configuration list for PBXNativeTarget "TaxiShare" */ = {
			isa = XCConfigurationList;
			buildConfigurations = (
				8E3FD1572020113000C539AC /* Debug */,
				8E3FD1582020113000C539AC /* Release */,
			);
			defaultConfigurationIsVisible = 0;
			defaultConfigurationName = Release;
		};
/* End XCConfigurationList section */
	};
	rootObject = 8E3FD1382020112E00C539AC /* Project object */;
}
